
Microsoft Visual Studio Solution File, Format Version 12.00
# Visual Studio Version 16
VisualStudioVersion = 16.0.30114.105
MinimumVisualStudioVersion = 10.0.40219.1
Project("{FAE04EC0-301F-11D3-BF4B-00C04F79EFBC}") = "BtcTurk.FireblocksClient", "BtcTurk.FireblocksClient\BtcTurk.FireblocksClient.csproj", "{2EDD1EAF-A08A-4DAF-B25B-D361FF426E41}"
EndProject
Project("{FAE04EC0-301F-11D3-BF4B-00C04F79EFBC}") = "BtcTurk.FireblocksClient.IntegrationTests", "BtcTurk.FireblocksClient.IntegrationTests\BtcTurk.FireblocksClient.IntegrationTests.csproj", "{D778B519-13EB-4CD2-8463-1923FD0FA08E}"
EndProject
Global
	GlobalSection(SolutionConfigurationPlatforms) = preSolution
		Debug|Any CPU = Debug|Any CPU
		Release|Any CPU = Release|Any CPU
	EndGlobalSection
	GlobalSection(SolutionProperties) = preSolution
		HideSolutionNode = FALSE
	EndGlobalSection
	GlobalSection(ProjectConfigurationPlatforms) = postSolution
		{2EDD1EAF-A08A-4DAF-B25B-D361FF426E41}.Debug|Any CPU.ActiveCfg = Debug|Any CPU
		{2EDD1EAF-A08A-4DAF-B25B-D361FF426E41}.Debug|Any CPU.Build.0 = Debug|Any CPU
		{2EDD1EAF-A08A-4DAF-B25B-D361FF426E41}.Release|Any CPU.ActiveCfg = Release|Any CPU
		{2EDD1EAF-A08A-4DAF-B25B-D361FF426E41}.Release|Any CPU.Build.0 = Release|Any CPU
		{D778B519-13EB-4CD2-8463-1923FD0FA08E}.Debug|Any CPU.ActiveCfg = Debug|Any CPU
		{D778B519-13EB-4CD2-8463-1923FD0FA08E}.Debug|Any CPU.Build.0 = Debug|Any CPU
		{D778B519-13EB-4CD2-8463-1923FD0FA08E}.Release|Any CPU.ActiveCfg = Release|Any CPU
		{D778B519-13EB-4CD2-8463-1923FD0FA08E}.Release|Any CPU.Build.0 = Release|Any CPU
	EndGlobalSection
EndGlobal
